{
  "name": "ai-agent-rpg",
  "version": "0.1.0",
  "lockfileVersion": 3,
  "requires": true,
  "packages": {
    "": {
      "name": "ai-agent-rpg",
      "version": "0.1.0",
      "workspaces": [
        "apps/*",
        "packages/*",
        "cli/*"
      ],
      "engines": {
        "node": ">=20"
      }
    }
  }
}
